// !$*UTF8*$!
{
	archiveVersion = 1;
	classes = {
	};
	objectVersion = 46;
	objects = {

/* Begin PBXBuildFile section */
		1C10FA161D1CF0650030452B /* main.m in Sources */ = {isa = PBXBuildFile; fileRef = 1C10FA151D1CF0650030452B /* main.m */; };
		1C10FA191D1CF0650030452B /* AppDelegate.m in Sources */ = {isa = PBXBuildFile; fileRef = 1C10FA181D1CF0650030452B /* AppDelegate.m */; };
		1C10FA1C1D1CF0650030452B /* ViewController.m in Sources */ = {isa = PBXBuildFile; fileRef = 1C10FA1B1D1CF0650030452B /* ViewController.m */; };
		1C10FA1F1D1CF0650030452B /* Main.storyboard in Resources */ = {isa = PBXBuildFile; fileRef = 1C10FA1D1D1CF0650030452B /* Main.storyboard */; };
		1C10FA211D1CF0650030452B /* Assets.xcassets in Resources */ = {isa = PBXBuildFile; fileRef = 1C10FA201D1CF0650030452B /* Assets.xcassets */; };
		1C10FA241D1CF0650030452B /* LaunchScreen.storyboard in Resources */ = {isa = PBXBuildFile; fileRef = 1C10FA221D1CF0650030452B /* LaunchScreen.storyboard */; };
		1C10FA2F1D1CF0650030452B /* RCTNativeUITests.m in Sources */ = {isa = PBXBuildFile; fileRef = 1C10FA2E1D1CF0650030452B /* RCTNativeUITests.m */; };
/* End PBXBuildFile section */

/* Begin PBXContainerItemProxy section */
		1C10FA2B1D1CF0650030452B /* PBXContainerItemProxy */ = {
			isa = PBXContainerItemProxy;
			containerPortal = 1C10FA091D1CF0650030452B /* Project object */;
			proxyType = 1;
			remoteGlobalIDString = 1C10FA101D1CF0650030452B;
			remoteInfo = RCTNative;
		};
/* End PBXContainerItemProxy section */

/* Begin PBXFileReference section */
		1C10FA111D1CF0650030452B /* RCTNative.app */ = {isa = PBXFileReference; explicitFileType = wrapper.application; includeInIndex = 0; path = RCTNative.app; sourceTree = BUILT_PRODUCTS_DIR; };
		1C10FA151D1CF0650030452B /* main.m */ = {isa = PBXFileReference; lastKnownFileType = sourcecode.c.objc; path = main.m; sourceTree = "<group>"; };
		1C10FA171D1CF0650030452B /* AppDelegate.h */ = {isa = PBXFileReference; lastKnownFileType = sourcecode.c.h; path = AppDelegate.h; sourceTree = "<group>"; };
		1C10FA181D1CF0650030452B /* AppDelegate.m */ = {isa = PBXFileReference; lastKnownFileType = sourcecode.c.objc; path = AppDelegate.m; sourceTree = "<group>"; };
		1C10FA1A1D1CF0650030452B /* ViewController.h */ = {isa = PBXFileReference; lastKnownFileType = sourcecode.c.h; path = ViewController.h; sourceTree = "<group>"; };
		1C10FA1B1D1CF0650030452B /* ViewController.m */ = {isa = PBXFileReference; lastKnownFileType = sourcecode.c.objc; path = ViewController.m; sourceTree = "<group>"; };
		1C10FA1E1D1CF0650030452B /* Base */ = {isa = PBXFileReference; lastKnownFileType = file.storyboard; name = Base; path = Base.lproj/Main.storyboard; sourceTree = "<group>"; };
		1C10FA201D1CF0650030452B /* Assets.xcassets */ = {isa = PBXFileReference; lastKnownFileType = folder.assetcatalog; path = Assets.xcassets; sourceTree = "<group>"; };
		1C10FA231D1CF0650030452B /* Base */ = {isa = PBXFileReference; lastKnownFileType = file.storyboard; name = Base; path = Base.lproj/LaunchScreen.storyboard; sourceTree = "<group>"; };
		1C10FA251D1CF0650030452B /* Info.plist */ = {isa = PBXFileReference; lastKnownFileType = text.plist.xml; path = Info.plist; sourceTree = "<group>"; };
		1C10FA2A1D1CF0650030452B /* RCTNativeUITests.xctest */ = {isa = PBXFileReference; explicitFileType = wrapper.cfbundle; includeInIndex = 0; path = RCTNativeUITests.xctest; sourceTree = BUILT_PRODUCTS_DIR; };
		1C10FA2E1D1CF0650030452B /* RCTNativeUITests.m */ = {isa = PBXFileReference; lastKnownFileType = sourcecode.c.objc; path = RCTNativeUITests.m; sourceTree = "<group>"; };
		1C10FA301D1CF0650030452B /* Info.plist */ = {isa = PBXFileReference; lastKnownFileType = text.plist.xml; path = Info.plist; sourceTree = "<group>"; };
/* End PBXFileReference section */

/* Begin PBXFrameworksBuildPhase section */
		1C10FA0E1D1CF0650030452B /* Frameworks */ = {
			isa = PBXFrameworksBuildPhase;
			buildActionMask = 2147483647;
			files = (
			);
			runOnlyForDeploymentPostprocessing = 0;
		};
		1C10FA271D1CF0650030452B /* Frameworks */ = {
			isa = PBXFrameworksBuildPhase;
			buildActionMask = 2147483647;
			files = (
			);
			runOnlyForDeploymentPostprocessing = 0;
		};
/* End PBXFrameworksBuildPhase section */

/* Begin PBXGroup section */
		1C10FA081D1CF0650030452B = {
			isa = PBXGroup;
			children = (
				1C10FA131D1CF0650030452B /* RCTNative */,
				1C10FA2D1D1CF0650030452B /* RCTNativeUITests */,
				1C10FA121D1CF0650030452B /* Products */,
			);
			sourceTree = "<group>";
		};
		1C10FA121D1CF0650030452B /* Products */ = {
			isa = PBXGroup;
			children = (
				1C10FA111D1CF0650030452B /* RCTNative.app */,
				1C10FA2A1D1CF0650030452B /* RCTNativeUITests.xctest */,
			);
			name = Products;
			sourceTree = "<group>";
		};
		1C10FA131D1CF0650030452B /* RCTNative */ = {
			isa = PBXGroup;
			children = (
				1C10FA171D1CF0650030452B /* AppDelegate.h */,
				1C10FA181D1CF0650030452B /* AppDelegate.m */,
				1C10FA1A1D1CF0650030452B /* ViewController.h */,
				1C10FA1B1D1CF0650030452B /* ViewController.m */,
				1C10FA1D1D1CF0650030452B /* Main.storyboard */,
				1C10FA201D1CF0650030452B /* Assets.xcassets */,
				1C10FA221D1CF0650030452B /* LaunchScreen.storyboard */,
				1C10FA251D1CF0650030452B /* Info.plist */,
				1C10FA141D1CF0650030452B /* Supporting Files */,
			);
			path = RCTNative;
			sourceTree = "<group>";
		};
		1C10FA141D1CF0650030452B /* Supporting Files */ = {
			isa = PBXGroup;
			children = (
				1C10FA151D1CF0650030452B /* main.m */,
			);
			name = "Supporting Files";
			sourceTree = "<group>";
		};
		1C10FA2D1D1CF0650030452B /* RCTNativeUITests */ = {
			isa = PBXGroup;
			children = (
				1C10FA2E1D1CF0650030452B /* RCTNativeUITests.m */,
				1C10FA301D1CF0650030452B /* Info.plist */,
			);
			path = RCTNativeUITests;
			sourceTree = "<group>";
		};
/* End PBXGroup section */

/* Begin PBXNativeTarget section */
		1C10FA101D1CF0650030452B /* RCTNative */ = {
			isa = PBXNativeTarget;
			buildConfigurationList = 1C10FA331D1CF0650030452B /* Build configuration list for PBXNativeTarget "RCTNative" */;
			buildPhases = (
				1C10FA0D1D1CF0650030452B /* Sources */,
				1C10FA0E1D1CF0650030452B /* Frameworks */,
				1C10FA0F1D1CF0650030452B /* Resources */,
			);
			buildRules = (
			);
			dependencies = (
			);
			name = RCTNative;
			productName = RCTNative;
			productReference = 1C10FA111D1CF0650030452B /* RCTNative.app */;
			productType = "com.apple.product-type.application";
		};
		1C10FA291D1CF0650030452B /* RCTNativeUITests */ = {
			isa = PBXNativeTarget;
			buildConfigurationList = 1C10FA361D1CF0650030452B /* Build configuration list for PBXNativeTarget "RCTNativeUITests" */;
			buildPhases = (
				1C10FA261D1CF0650030452B /* Sources */,
				1C10FA271D1CF0650030452B /* Frameworks */,
				1C10FA281D1CF0650030452B /* Resources */,
			);
			buildRules = (
			);
			dependencies = (
				1C10FA2C1D1CF0650030452B /* PBXTargetDependency */,
			);
			name = RCTNativeUITests;
			productName = RCTNativeUITests;
			productReference = 1C10FA2A1D1CF0650030452B /* RCTNativeUITests.xctest */;
			productType = "com.apple.product-type.bundle.ui-testing";
		};
/* End PBXNativeTarget section */

/* Begin PBXProject section */
		1C10FA091D1CF0650030452B /* Project object */ = {
			isa = PBXProject;
			attributes = {
				LastUpgradeCheck = 0730;
				ORGANIZATIONNAME = yanghan;
				TargetAttributes = {
					1C10FA101D1CF0650030452B = {
						CreatedOnToolsVersion = 7.3.1;
					};
					1C10FA291D1CF0650030452B = {
						CreatedOnToolsVersion = 7.3.1;
						TestTargetID = 1C10FA101D1CF0650030452B;
					};
				};
			};
			buildConfigurationList = 1C10FA0C1D1CF0650030452B /* Build configuration list for PBXProject "RCTNative" */;
			compatibilityVersion = "Xcode 3.2";
			developmentRegion = English;
			hasScannedForEncodings = 0;
			knownRegions = (
				en,
				Base,
			);
			mainGroup = 1C10FA081D1CF0650030452B;
			productRefGroup = 1C10FA121D1CF0650030452B /* Products */;
			projectDirPath = "";
			projectRoot = "";
			targets = (
				1C10FA101D1CF0650030452B /* RCTNative */,
				1C10FA291D1CF0650030452B /* RCTNativeUITests */,
			);
		};
/* End PBXProject section */

/* Begin PBXResourcesBuildPhase section */
		1C10FA0F1D1CF0650030452B /* Resources */ = {
			isa = PBXResourcesBuildPhase;
			buildActionMask = 2147483647;
			files = (
				1C10FA241D1CF0650030452B /* LaunchScreen.storyboard in Resources */,
				1C10FA211D1CF0650030452B /* Assets.xcassets in Resources */,
				1C10FA1F1D1CF0650030452B /* Main.storyboard in Resources */,
			);
			runOnlyForDeploymentPostprocessing = 0;
		};
		1C10FA281D1CF0650030452B /* Resources */ = {
			isa = PBXResourcesBuildPhase;
			buildActionMask = 2147483647;
			files = (
			);
			runOnlyForDeploymentPostprocessing = 0;
		};
/* End PBXResourcesBuildPhase section */

/* Begin PBXSourcesBuildPhase section */
		1C10FA0D1D1CF0650030452B /* Sources */ = {
			isa = PBXSourcesBuildPhase;
			buildActionMask = 2147483647;
			files = (
				1C10FA1C1D1CF0650030452B /* ViewController.m in Sources */,
				1C10FA191D1CF0650030452B /* AppDelegate.m in Sources */,
				1C10FA161D1CF0650030452B /* main.m in Sources */,
			);
			runOnlyForDeploymentPostprocessing = 0;
		};
		1C10FA261D1CF0650030452B /* Sources */ = {
			isa = PBXSourcesBuildPhase;
			buildActionMask = 2147483647;
			files = (
				1C10FA2F1D1CF0650030452B /* RCTNativeUITests.m in Sources */,
			);
			runOnlyForDeploymentPostprocessing = 0;
		};
/* End PBXSourcesBuildPhase section */

/* Begin PBXTargetDependency section */
		1C10FA2C1D1CF0650030452B /* PBXTargetDependency */ = {
			isa = PBXTargetDependency;
			target = 1C10FA101D1CF0650030452B /* RCTNative */;
			targetProxy = 1C10FA2B1D1CF0650030452B /* PBXContainerItemProxy */;
		};
/* End PBXTargetDependency section */

/* Begin PBXVariantGroup section */
		1C10FA1D1D1CF0650030452B /* Main.storyboard */ = {
			isa = PBXVariantGroup;
			children = (
				1C10FA1E1D1CF0650030452B /* Base */,
			);
			name = Main.storyboard;
			sourceTree = "<group>";
		};
		1C10FA221D1CF0650030452B /* LaunchScreen.storyboard */ = {
			isa = PBXVariantGroup;
			children = (
				1C10FA231D1CF0650030452B /* Base */,
			);
			name = LaunchScreen.storyboard;
			sourceTree = "<group>";
		};
/* End PBXVariantGroup section */

/* Begin XCBuildConfiguration section */
		1C10FA311D1CF0650030452B /* Debug */ = {
			isa = XCBuildConfiguration;
			buildSettings = {
				ALWAYS_SEARCH_USER_PATHS = NO;
				CLANG_ANALYZER_NONNULL = YES;
				CLANG_CXX_LANGUAGE_STANDARD = "gnu++0x";
				CLANG_CXX_LIBRARY = "libc++";
				CLANG_ENABLE_MODULES = YES;
				CLANG_ENABLE_OBJC_ARC = YES;
				CLANG_WARN_BOOL_CONVERSION = YES;
				CLANG_WARN_CONSTANT_CONVERSION = YES;
				CLANG_WARN_DIRECT_OBJC_ISA_USAGE = YES_ERROR;
				CLANG_WARN_EMPTY_BODY = YES;
				CLANG_WARN_ENUM_CONVERSION = YES;
				CLANG_WARN_INT_CONVERSION = YES;
				CLANG_WARN_OBJC_ROOT_CLASS = YES_ERROR;
				CLANG_WARN_UNREACHABLE_CODE = YES;
				CLANG_WARN__DUPLICATE_METHOD_MATCH = YES;
				"CODE_SIGN_IDENTITY[sdk=iphoneos*]" = "iPhone Developer";
				COPY_PHASE_STRIP = NO;
				DEBUG_INFORMATION_FORMAT = dwarf;
				ENABLE_STRICT_OBJC_MSGSEND = YES;
				ENABLE_TESTABILITY = YES;
				GCC_C_LANGUAGE_STANDARD = gnu99;
				GCC_DYNAMIC_NO_PIC = NO;
				GCC_NO_COMMON_BLOCKS = YES;
				GCC_OPTIMIZATION_LEVEL = 0;
				GCC_PREPROCESSOR_DEFINITIONS = (
					"DEBUG=1",
					"$(inherited)",
				);
				GCC_WARN_64_TO_32_BIT_CONVERSION = YES;
				GCC_WARN_ABOUT_RETURN_TYPE = YES_ERROR;
				GCC_WARN_UNDECLARED_SELECTOR = YES;
				GCC_WARN_UNINITIALIZED_AUTOS = YES_AGGRESSIVE;
				GCC_WARN_UNUSED_FUNCTION = YES;
				GCC_WARN_UNUSED_VARIABLE = YES;
				IPHONEOS_DEPLOYMENT_TARGET = 9.3;
				MTL_ENABLE_DEBUG_INFO = YES;
				ONLY_ACTIVE_ARCH = YES;
				SDKROOT = iphoneos;
			};
			name = Debug;
		};
		1C10FA321D1CF0650030452B /* Release */ = {
			isa = XCBuildConfiguration;
			buildSettings = {
				ALWAYS_SEARCH_USER_PATHS = NO;
				CLANG_ANALYZER_NONNULL = YES;
				CLANG_CXX_LANGUAGE_STANDARD = "gnu++0x";
				CLANG_CXX_LIBRARY = "libc++";
				CLANG_ENABLE_MODULES = YES;
				CLANG_ENABLE_OBJC_ARC = YES;
				CLANG_WARN_BOOL_CONVERSION = YES;
				CLANG_WARN_CONSTANT_CONVERSION = YES;
				CLANG_WARN_DIRECT_OBJC_ISA_USAGE = YES_ERROR;
				CLANG_WARN_EMPTY_BODY = YES;
				CLANG_WARN_ENUM_CONVERSION = YES;
				CLANG_WARN_INT_CONVERSION = YES;
				CLANG_WARN_OBJC_ROOT_CLASS = YES_ERROR;
				CLANG_WARN_UNREACHABLE_CODE = YES;
				CLANG_WARN__DUPLICATE_METHOD_MATCH = YES;
				"CODE_SIGN_IDENTITY[sdk=iphoneos*]" = "iPhone Developer";
				COPY_PHASE_STRIP = NO;
				DEBUG_INFORMATION_FORMAT = "dwarf-with-dsym";
				ENABLE_NS_ASSERTIONS = NO;
				ENABLE_STRICT_OBJC_MSGSEND = YES;
				GCC_C_LANGUAGE_STANDARD = gnu99;
				GCC_NO_COMMON_BLOCKS = YES;
				GCC_WARN_64_TO_32_BIT_CONVERSION = YES;
				GCC_WARN_ABOUT_RETURN_TYPE = YES_ERROR;
				GCC_WARN_UNDECLARED_SELECTOR = YES;
				GCC_WARN_UNINITIALIZED_AUTOS = YES_AGGRESSIVE;
				GCC_WARN_UNUSED_FUNCTION = YES;
				GCC_WARN_UNUSED_VARIABLE = YES;
				IPHONEOS_DEPLOYMENT_TARGET = 9.3;
				MTL_ENABLE_DEBUG_INFO = NO;
				SDKROOT = iphoneos;
				VALIDATE_PRODUCT = YES;
			};
			name = Release;
		};
		1C10FA341D1CF0650030452B /* Debug */ = {
			isa = XCBuildConfiguration;
			buildSettings = {
				ASSETCATALOG_COMPILER_APPICON_NAME = AppIcon;
				INFOPLIST_FILE = RCTNative/Info.plist;
				LD_RUNPATH_SEARCH_PATHS = "$(inherited) @executable_path/Frameworks";
				PRODUCT_BUNDLE_IDENTIFIER = com.dmall.RCTNative;
				PRODUCT_NAME = "$(TARGET_NAME)";
			};
			name = Debug;
		};
		1C10FA351D1CF0650030452B /* Release */ = {
			isa = XCBuildConfiguration;
			buildSettings = {
				ASSETCATALOG_COMPILER_APPICON_NAME = AppIcon;
				INFOPLIST_FILE = RCTNative/Info.plist;
				LD_RUNPATH_SEARCH_PATHS = "$(inherited) @executable_path/Frameworks";
				PRODUCT_BUNDLE_IDENTIFIER = com.dmall.RCTNative;
				PRODUCT_NAME = "$(TARGET_NAME)";
			};
			name = Release;
		};
		1C10FA371D1CF0650030452B /* Debug */ = {
			isa = XCBuildConfiguration;
			buildSettings = {
				INFOPLIST_FILE = RCTNativeUITests/Info.plist;
				LD_RUNPATH_SEARCH_PATHS = "$(inherited) @executable_path/Frameworks @loader_path/Frameworks";
				PRODUCT_BUNDLE_IDENTIFIER = com.dmall.RCTNativeUITests;
				PRODUCT_NAME = "$(TARGET_NAME)";
				TEST_TARGET_NAME = RCTNative;
			};
			name = Debug;
		};
		1C10FA381D1CF0650030452B /* Release */ = {
			isa = XCBuildConfiguration;
			buildSettings = {
				INFOPLIST_FILE = RCTNativeUITests/Info.plist;
				LD_RUNPATH_SEARCH_PATHS = "$(inherited) @executable_path/Frameworks @loader_path/Frameworks";
				PRODUCT_BUNDLE_IDENTIFIER = com.dmall.RCTNativeUITests;
				PRODUCT_NAME = "$(TARGET_NAME)";
				TEST_TARGET_NAME = RCTNative;
			};
			name = Release;
		};
/* End XCBuildConfiguration section */

/* Begin XCConfigurationList section */
		1C10FA0C1D1CF0650030452B /* Build configuration list for PBXProject "RCTNative" */ = {
			isa = XCConfigurationList;
			buildConfigurations = (
				1C10FA311D1CF0650030452B /* Debug */,
				1C10FA321D1CF0650030452B /* Release */,
			);
			defaultConfigurationIsVisible = 0;
			defaultConfigurationName = Release;
		};
		1C10FA331D1CF0650030452B /* Build configuration list for PBXNativeTarget "RCTNative" */ = {
			isa = XCConfigurationList;
			buildConfigurations = (
				1C10FA341D1CF0650030452B /* Debug */,
				1C10FA351D1CF0650030452B /* Release */,
			);
			defaultConfigurationIsVisible = 0;
		};
		1C10FA361D1CF0650030452B /* Build configuration list for PBXNativeTarget "RCTNativeUITests" */ = {
			isa = XCConfigurationList;
			buildConfigurations = (
				1C10FA371D1CF0650030452B /* Debug */,
				1C10FA381D1CF0650030452B /* Release */,
			);
			defaultConfigurationIsVisible = 0;
		};
/* End XCConfigurationList section */
	};
	rootObject = 1C10FA091D1CF0650030452B /* Project object */;
}
